// !$*UTF8*$!
{
	archiveVersion = 1;
	classes = {
	};
	objectVersion = 50;
	objects = {

/* Begin PBXBuildFile section */
		5E0693E3240BEA0200C3409A /* AppDelegate.swift in Sources */ = {isa = PBXBuildFile; fileRef = 5E0693E2240BEA0200C3409A /* AppDelegate.swift */; };
		5E0693E5240BEA0200C3409A /* SceneDelegate.swift in Sources */ = {isa = PBXBuildFile; fileRef = 5E0693E4240BEA0200C3409A /* SceneDelegate.swift */; };
		5E0693E7240BEA0200C3409A /* ViewController.swift in Sources */ = {isa = PBXBuildFile; fileRef = 5E0693E6240BEA0200C3409A /* ViewController.swift */; };
		5E0693EA240BEA0200C3409A /* Main.storyboard in Resources */ = {isa = PBXBuildFile; fileRef = 5E0693E8240BEA0200C3409A /* Main.storyboard */; };
		5E0693EC240BEA0300C3409A /* Assets.xcassets in Resources */ = {isa = PBXBuildFile; fileRef = 5E0693EB240BEA0300C3409A /* Assets.xcassets */; };
		5E0693EF240BEA0300C3409A /* LaunchScreen.storyboard in Resources */ = {isa = PBXBuildFile; fileRef = 5E0693ED240BEA0300C3409A /* LaunchScreen.storyboard */; };
		5E0693FD240D241000C3409A /* GestureRecognizerFunTests.swift in Sources */ = {isa = PBXBuildFile; fileRef = 5E0693FC240D241000C3409A /* GestureRecognizerFunTests.swift */; };
/* End PBXBuildFile section */

/* Begin PBXContainerItemProxy section */
		5E0693FF240D241000C3409A /* PBXContainerItemProxy */ = {
			isa = PBXContainerItemProxy;
			containerPortal = 5E0693D7240BEA0200C3409A /* Project object */;
			proxyType = 1;
			remoteGlobalIDString = 5E0693DE240BEA0200C3409A;
			remoteInfo = GestureRecognizerFun;
		};
/* End PBXContainerItemProxy section */

/* Begin PBXFileReference section */
		5E0693DF240BEA0200C3409A /* GestureRecognizerFun.app */ = {isa = PBXFileReference; explicitFileType = wrapper.application; includeInIndex = 0; path = GestureRecognizerFun.app; sourceTree = BUILT_PRODUCTS_DIR; };
		5E0693E2240BEA0200C3409A /* AppDelegate.swift */ = {isa = PBXFileReference; lastKnownFileType = sourcecode.swift; path = AppDelegate.swift; sourceTree = "<group>"; };
		5E0693E4240BEA0200C3409A /* SceneDelegate.swift */ = {isa = PBXFileReference; lastKnownFileType = sourcecode.swift; path = SceneDelegate.swift; sourceTree = "<group>"; };
		5E0693E6240BEA0200C3409A /* ViewController.swift */ = {isa = PBXFileReference; lastKnownFileType = sourcecode.swift; path = ViewController.swift; sourceTree = "<group>"; };
		5E0693E9240BEA0200C3409A /* Base */ = {isa = PBXFileReference; lastKnownFileType = file.storyboard; name = Base; path = Base.lproj/Main.storyboard; sourceTree = "<group>"; };
		5E0693EB240BEA0300C3409A /* Assets.xcassets */ = {isa = PBXFileReference; lastKnownFileType = folder.assetcatalog; path = Assets.xcassets; sourceTree = "<group>"; };
		5E0693EE240BEA0300C3409A /* Base */ = {isa = PBXFileReference; lastKnownFileType = file.storyboard; name = Base; path = Base.lproj/LaunchScreen.storyboard; sourceTree = "<group>"; };
		5E0693F0240BEA0300C3409A /* Info.plist */ = {isa = PBXFileReference; lastKnownFileType = text.plist.xml; path = Info.plist; sourceTree = "<group>"; };
		5E0693FA240D241000C3409A /* GestureRecognizerFunTests.xctest */ = {isa = PBXFileReference; explicitFileType = wrapper.cfbundle; includeInIndex = 0; path = GestureRecognizerFunTests.xctest; sourceTree = BUILT_PRODUCTS_DIR; };
		5E0693FC240D241000C3409A /* GestureRecognizerFunTests.swift */ = {isa = PBXFileReference; lastKnownFileType = sourcecode.swift; path = GestureRecognizerFunTests.swift; sourceTree = "<group>"; };
		5E0693FE240D241000C3409A /* Info.plist */ = {isa = PBXFileReference; lastKnownFileType = text.plist.xml; path = Info.plist; sourceTree = "<group>"; };
/* End PBXFileReference section */

/* Begin PBXFrameworksBuildPhase section */
		5E0693DC240BEA0200C3409A /* Frameworks */ = {
			isa = PBXFrameworksBuildPhase;
			buildActionMask = 2147483647;
			files = (
			);
			runOnlyForDeploymentPostprocessing = 0;
		};
		5E0693F7240D241000C3409A /* Frameworks */ = {
			isa = PBXFrameworksBuildPhase;
			buildActionMask = 2147483647;
			files = (
			);
			runOnlyForDeploymentPostprocessing = 0;
		};
/* End PBXFrameworksBuildPhase section */

/* Begin PBXGroup section */
		5E0693D6240BEA0200C3409A = {
			isa = PBXGroup;
			children = (
				5E0693E1240BEA0200C3409A /* GestureRecognizerFun */,
				5E0693FB240D241000C3409A /* GestureRecognizerFunTests */,
				5E0693E0240BEA0200C3409A /* Products */,
			);
			sourceTree = "<group>";
		};
		5E0693E0240BEA0200C3409A /* Products */ = {
			isa = PBXGroup;
			children = (
				5E0693DF240BEA0200C3409A /* GestureRecognizerFun.app */,
				5E0693FA240D241000C3409A /* GestureRecognizerFunTests.xctest */,
			);
			name = Products;
			sourceTree = "<group>";
		};
		5E0693E1240BEA0200C3409A /* GestureRecognizerFun */ = {
			isa = PBXGroup;
			children = (
				5E0693E2240BEA0200C3409A /* AppDelegate.swift */,
				5E0693E4240BEA0200C3409A /* SceneDelegate.swift */,
				5E0693E6240BEA0200C3409A /* ViewController.swift */,
				5E0693E8240BEA0200C3409A /* Main.storyboard */,
				5E0693EB240BEA0300C3409A /* Assets.xcassets */,
				5E0693ED240BEA0300C3409A /* LaunchScreen.storyboard */,
				5E0693F0240BEA0300C3409A /* Info.plist */,
			);
			path = GestureRecognizerFun;
			sourceTree = "<group>";
		};
		5E0693FB240D241000C3409A /* GestureRecognizerFunTests */ = {
			isa = PBXGroup;
			children = (
				5E0693FC240D241000C3409A /* GestureRecognizerFunTests.swift */,
				5E0693FE240D241000C3409A /* Info.plist */,
			);
			path = GestureRecognizerFunTests;
			sourceTree = "<group>";
		};
/* End PBXGroup section */

/* Begin PBXNativeTarget section */
		5E0693DE240BEA0200C3409A /* GestureRecognizerFun */ = {
			isa = PBXNativeTarget;
			buildConfigurationList = 5E0693F3240BEA0300C3409A /* Build configuration list for PBXNativeTarget "GestureRecognizerFun" */;
			buildPhases = (
				5E0693DB240BEA0200C3409A /* Sources */,
				5E0693DC240BEA0200C3409A /* Frameworks */,
				5E0693DD240BEA0200C3409A /* Resources */,
			);
			buildRules = (
			);
			dependencies = (
			);
			name = GestureRecognizerFun;
			productName = GestureRecognizerFun;
			productReference = 5E0693DF240BEA0200C3409A /* GestureRecognizerFun.app */;
			productType = "com.apple.product-type.application";
		};
		5E0693F9240D241000C3409A /* GestureRecognizerFunTests */ = {
			isa = PBXNativeTarget;
			buildConfigurationList = 5E069403240D241000C3409A /* Build configuration list for PBXNativeTarget "GestureRecognizerFunTests" */;
			buildPhases = (
				5E0693F6240D241000C3409A /* Sources */,
				5E0693F7240D241000C3409A /* Frameworks */,
				5E0693F8240D241000C3409A /* Resources */,
			);
			buildRules = (
			);
			dependencies = (
				5E069400240D241000C3409A /* PBXTargetDependency */,
			);
			name = GestureRecognizerFunTests;
			productName = GestureRecognizerFunTests;
			productReference = 5E0693FA240D241000C3409A /* GestureRecognizerFunTests.xctest */;
			productType = "com.apple.product-type.bundle.unit-test";
		};
/* End PBXNativeTarget section */

/* Begin PBXProject section */
		5E0693D7240BEA0200C3409A /* Project object */ = {
			isa = PBXProject;
			attributes = {
				LastSwiftUpdateCheck = 1110;
				LastUpgradeCheck = 1110;
				ORGANIZATIONNAME = "Henry Noon";
				TargetAttributes = {
					5E0693DE240BEA0200C3409A = {
						CreatedOnToolsVersion = 11.1;
					};
					5E0693F9240D241000C3409A = {
						CreatedOnToolsVersion = 11.1;
						TestTargetID = 5E0693DE240BEA0200C3409A;
					};
				};
			};
			buildConfigurationList = 5E0693DA240BEA0200C3409A /* Build configuration list for PBXProject "GestureRecognizerFun" */;
			compatibilityVersion = "Xcode 9.3";
			developmentRegion = en;
			hasScannedForEncodings = 0;
			knownRegions = (
				en,
				Base,
			);
			mainGroup = 5E0693D6240BEA0200C3409A;
			productRefGroup = 5E0693E0240BEA0200C3409A /* Products */;
			projectDirPath = "";
			projectRoot = "";
			targets = (
				5E0693DE240BEA0200C3409A /* GestureRecognizerFun */,
				5E0693F9240D241000C3409A /* GestureRecognizerFunTests */,
			);
		};
/* End PBXProject section */

/* Begin PBXResourcesBuildPhase section */
		5E0693DD240BEA0200C3409A /* Resources */ = {
			isa = PBXResourcesBuildPhase;
			buildActionMask = 2147483647;
			files = (
				5E0693EF240BEA0300C3409A /* LaunchScreen.storyboard in Resources */,
				5E0693EC240BEA0300C3409A /* Assets.xcassets in Resources */,
				5E0693EA240BEA0200C3409A /* Main.storyboard in Resources */,
			);
			runOnlyForDeploymentPostprocessing = 0;
		};
		5E0693F8240D241000C3409A /* Resources */ = {
			isa = PBXResourcesBuildPhase;
			buildActionMask = 2147483647;
			files = (
			);
			runOnlyForDeploymentPostprocessing = 0;
		};
/* End PBXResourcesBuildPhase section */

/* Begin PBXSourcesBuildPhase section */
		5E0693DB240BEA0200C3409A /* Sources */ = {
			isa = PBXSourcesBuildPhase;
			buildActionMask = 2147483647;
			files = (
				5E0693E7240BEA0200C3409A /* ViewController.swift in Sources */,
				5E0693E3240BEA0200C3409A /* AppDelegate.swift in Sources */,
				5E0693E5240BEA0200C3409A /* SceneDelegate.swift in Sources */,
			);
			runOnlyForDeploymentPostprocessing = 0;
		};
		5E0693F6240D241000C3409A /* Sources */ = {
			isa = PBXSourcesBuildPhase;
			buildActionMask = 2147483647;
			files = (
				5E0693FD240D241000C3409A /* GestureRecognizerFunTests.swift in Sources */,
			);
			runOnlyForDeploymentPostprocessing = 0;
		};
/* End PBXSourcesBuildPhase section */

/* Begin PBXTargetDependency section */
		5E069400240D241000C3409A /* PBXTargetDependency */ = {
			isa = PBXTargetDependency;
			target = 5E0693DE240BEA0200C3409A /* GestureRecognizerFun */;
			targetProxy = 5E0693FF240D241000C3409A /* PBXContainerItemProxy */;
		};
/* End PBXTargetDependency section */

/* Begin PBXVariantGroup section */
		5E0693E8240BEA0200C3409A /* Main.storyboard */ = {
			isa = PBXVariantGroup;
			children = (
				5E0693E9240BEA0200C3409A /* Base */,
			);
			name = Main.storyboard;
			sourceTree = "<group>";
		};
		5E0693ED240BEA0300C3409A /* LaunchScreen.storyboard */ = {
			isa = PBXVariantGroup;
			children = (
				5E0693EE240BEA0300C3409A /* Base */,
			);
			name = LaunchScreen.storyboard;
			sourceTree = "<group>";
		};
/* End PBXVariantGroup section */

/* Begin XCBuildConfiguration section */
		5E0693F1240BEA0300C3409A /* Debug */ = {
			isa = XCBuildConfiguration;
			buildSettings = {
				ALWAYS_SEARCH_USER_PATHS = NO;
				CLANG_ANALYZER_NONNULL = YES;
				CLANG_ANALYZER_NUMBER_OBJECT_CONVERSION = YES_AGGRESSIVE;
				CLANG_CXX_LANGUAGE_STANDARD = "gnu++14";
				CLANG_CXX_LIBRARY = "libc++";
				CLANG_ENABLE_MODULES = YES;
				CLANG_ENABLE_OBJC_ARC = YES;
				CLANG_ENABLE_OBJC_WEAK = YES;
				CLANG_WARN_BLOCK_CAPTURE_AUTORELEASING = YES;
				CLANG_WARN_BOOL_CONVERSION = YES;
				CLANG_WARN_COMMA = YES;
				CLANG_WARN_CONSTANT_CONVERSION = YES;
				CLANG_WARN_DEPRECATED_OBJC_IMPLEMENTATIONS = YES;
				CLANG_WARN_DIRECT_OBJC_ISA_USAGE = YES_ERROR;
				CLANG_WARN_DOCUMENTATION_COMMENTS = YES;
				CLANG_WARN_EMPTY_BODY = YES;
				CLANG_WARN_ENUM_CONVERSION = YES;
				CLANG_WARN_INFINITE_RECURSION = YES;
				CLANG_WARN_INT_CONVERSION = YES;
				CLANG_WARN_NON_LITERAL_NULL_CONVERSION = YES;
				CLANG_WARN_OBJC_IMPLICIT_RETAIN_SELF = YES;
				CLANG_WARN_OBJC_LITERAL_CONVERSION = YES;
				CLANG_WARN_OBJC_ROOT_CLASS = YES_ERROR;
				CLANG_WARN_RANGE_LOOP_ANALYSIS = YES;
				CLANG_WARN_STRICT_PROTOTYPES = YES;
				CLANG_WARN_SUSPICIOUS_MOVE = YES;
				CLANG_WARN_UNGUARDED_AVAILABILITY = YES_AGGRESSIVE;
				CLANG_WARN_UNREACHABLE_CODE = YES;
				CLANG_WARN__DUPLICATE_METHOD_MATCH = YES;
				COPY_PHASE_STRIP = NO;
				DEBUG_INFORMATION_FORMAT = dwarf;
				ENABLE_STRICT_OBJC_MSGSEND = YES;
				ENABLE_TESTABILITY = YES;
				GCC_C_LANGUAGE_STANDARD = gnu11;
				GCC_DYNAMIC_NO_PIC = NO;
				GCC_NO_COMMON_BLOCKS = YES;
				GCC_OPTIMIZATION_LEVEL = 0;
				GCC_PREPROCESSOR_DEFINITIONS = (
					"DEBUG=1",
					"$(inherited)",
				);
				GCC_WARN_64_TO_32_BIT_CONVERSION = YES;
				GCC_WARN_ABOUT_RETURN_TYPE = YES_ERROR;
				GCC_WARN_UNDECLARED_SELECTOR = YES;
				GCC_WARN_UNINITIALIZED_AUTOS = YES_AGGRESSIVE;
				GCC_WARN_UNUSED_FUNCTION = YES;
				GCC_WARN_UNUSED_VARIABLE = YES;
				IPHONEOS_DEPLOYMENT_TARGET = 13.1;
				MTL_ENABLE_DEBUG_INFO = INCLUDE_SOURCE;
				MTL_FAST_MATH = YES;
				ONLY_ACTIVE_ARCH = YES;
				SDKROOT = iphoneos;
				SWIFT_ACTIVE_COMPILATION_CONDITIONS = DEBUG;
				SWIFT_OPTIMIZATION_LEVEL = "-Onone";
			};
			name = Debug;
		};
		5E0693F2240BEA0300C3409A /* Release */ = {
			isa = XCBuildConfiguration;
			buildSettings = {
				ALWAYS_SEARCH_USER_PATHS = NO;
				CLANG_ANALYZER_NONNULL = YES;
				CLANG_ANALYZER_NUMBER_OBJECT_CONVERSION = YES_AGGRESSIVE;
				CLANG_CXX_LANGUAGE_STANDARD = "gnu++14";
				CLANG_CXX_LIBRARY = "libc++";
				CLANG_ENABLE_MODULES = YES;
				CLANG_ENABLE_OBJC_ARC = YES;
				CLANG_ENABLE_OBJC_WEAK = YES;
				CLANG_WARN_BLOCK_CAPTURE_AUTORELEASING = YES;
				CLANG_WARN_BOOL_CONVERSION = YES;
				CLANG_WARN_COMMA = YES;
				CLANG_WARN_CONSTANT_CONVERSION = YES;
				CLANG_WARN_DEPRECATED_OBJC_IMPLEMENTATIONS = YES;
				CLANG_WARN_DIRECT_OBJC_ISA_USAGE = YES_ERROR;
				CLANG_WARN_DOCUMENTATION_COMMENTS = YES;
				CLANG_WARN_EMPTY_BODY = YES;
				CLANG_WARN_ENUM_CONVERSION = YES;
				CLANG_WARN_INFINITE_RECURSION = YES;
				CLANG_WARN_INT_CONVERSION = YES;
				CLANG_WARN_NON_LITERAL_NULL_CONVERSION = YES;
				CLANG_WARN_OBJC_IMPLICIT_RETAIN_SELF = YES;
				CLANG_WARN_OBJC_LITERAL_CONVERSION = YES;
				CLANG_WARN_OBJC_ROOT_CLASS = YES_ERROR;
				CLANG_WARN_RANGE_LOOP_ANALYSIS = YES;
				CLANG_WARN_STRICT_PROTOTYPES = YES;
				CLANG_WARN_SUSPICIOUS_MOVE = YES;
				CLANG_WARN_UNGUARDED_AVAILABILITY = YES_AGGRESSIVE;
				CLANG_WARN_UNREACHABLE_CODE = YES;
				CLANG_WARN__DUPLICATE_METHOD_MATCH = YES;
				COPY_PHASE_STRIP = NO;
				DEBUG_INFORMATION_FORMAT = "dwarf-with-dsym";
				ENABLE_NS_ASSERTIONS = NO;
				ENABLE_STRICT_OBJC_MSGSEND = YES;
				GCC_C_LANGUAGE_STANDARD = gnu11;
				GCC_NO_COMMON_BLOCKS = YES;
				GCC_WARN_64_TO_32_BIT_CONVERSION = YES;
				GCC_WARN_ABOUT_RETURN_TYPE = YES_ERROR;
				GCC_WARN_UNDECLARED_SELECTOR = YES;
				GCC_WARN_UNINITIALIZED_AUTOS = YES_AGGRESSIVE;
				GCC_WARN_UNUSED_FUNCTION = YES;
				GCC_WARN_UNUSED_VARIABLE = YES;
				IPHONEOS_DEPLOYMENT_TARGET = 13.1;
				MTL_ENABLE_DEBUG_INFO = NO;
				MTL_FAST_MATH = YES;
				SDKROOT = iphoneos;
				SWIFT_COMPILATION_MODE = wholemodule;
				SWIFT_OPTIMIZATION_LEVEL = "-O";
				VALIDATE_PRODUCT = YES;
			};
			name = Release;
		};
		5E0693F4240BEA0300C3409A /* Debug */ = {
			isa = XCBuildConfiguration;
			buildSettings = {
				ASSETCATALOG_COMPILER_APPICON_NAME = AppIcon;
				CODE_SIGN_STYLE = Automatic;
				DEVELOPMENT_TEAM = 8H6TS5PT7T;
				INFOPLIST_FILE = GestureRecognizerFun/Info.plist;
				LD_RUNPATH_SEARCH_PATHS = (
					"$(inherited)",
					"@executable_path/Frameworks",
				);
				PRODUCT_BUNDLE_IDENTIFIER = com.HenryNoon.GestureRecognizerFun;
				PRODUCT_NAME = "$(TARGET_NAME)";
				SWIFT_VERSION = 5.0;
				TARGETED_DEVICE_FAMILY = "1,2";
			};
			name = Debug;
		};
		5E0693F5240BEA0300C3409A /* Release */ = {
			isa = XCBuildConfiguration;
			buildSettings = {
				ASSETCATALOG_COMPILER_APPICON_NAME = AppIcon;
				CODE_SIGN_STYLE = Automatic;
				DEVELOPMENT_TEAM = 8H6TS5PT7T;
				INFOPLIST_FILE = GestureRecognizerFun/Info.plist;
				LD_RUNPATH_SEARCH_PATHS = (
					"$(inherited)",
					"@executable_path/Frameworks",
				);
				PRODUCT_BUNDLE_IDENTIFIER = com.HenryNoon.GestureRecognizerFun;
				PRODUCT_NAME = "$(TARGET_NAME)";
				SWIFT_VERSION = 5.0;
				TARGETED_DEVICE_FAMILY = "1,2";
			};
			name = Release;
		};
		5E069401240D241000C3409A /* Debug */ = {
			isa = XCBuildConfiguration;
			buildSettings = {
				BUNDLE_LOADER = "$(TEST_HOST)";
				CODE_SIGN_STYLE = Automatic;
				DEVELOPMENT_TEAM = 8H6TS5PT7T;
				INFOPLIST_FILE = GestureRecognizerFunTests/Info.plist;
				LD_RUNPATH_SEARCH_PATHS = (
					"$(inherited)",
					"@executable_path/Frameworks",
					"@loader_path/Frameworks",
				);
				PRODUCT_BUNDLE_IDENTIFIER = com.HenryNoon.GestureRecognizerFunTests;
				PRODUCT_NAME = "$(TARGET_NAME)";
				SWIFT_VERSION = 5.0;
				TARGETED_DEVICE_FAMILY = "1,2";
				TEST_HOST = "$(BUILT_PRODUCTS_DIR)/GestureRecognizerFun.app/GestureRecognizerFun";
			};
			name = Debug;
		};
		5E069402240D241000C3409A /* Release */ = {
			isa = XCBuildConfiguration;
			buildSettings = {
				BUNDLE_LOADER = "$(TEST_HOST)";
				CODE_SIGN_STYLE = Automatic;
				DEVELOPMENT_TEAM = 8H6TS5PT7T;
				INFOPLIST_FILE = GestureRecognizerFunTests/Info.plist;
				LD_RUNPATH_SEARCH_PATHS = (
					"$(inherited)",
					"@executable_path/Frameworks",
					"@loader_path/Frameworks",
				);
				PRODUCT_BUNDLE_IDENTIFIER = com.HenryNoon.GestureRecognizerFunTests;
				PRODUCT_NAME = "$(TARGET_NAME)";
				SWIFT_VERSION = 5.0;
				TARGETED_DEVICE_FAMILY = "1,2";
				TEST_HOST = "$(BUILT_PRODUCTS_DIR)/GestureRecognizerFun.app/GestureRecognizerFun";
			};
			name = Release;
		};
/* End XCBuildConfiguration section */

/* Begin XCConfigurationList section */
		5E0693DA240BEA0200C3409A /* Build configuration list for PBXProject "GestureRecognizerFun" */ = {
			isa = XCConfigurationList;
			buildConfigurations = (
				5E0693F1240BEA0300C3409A /* Debug */,
				5E0693F2240BEA0300C3409A /* Release */,
			);
			defaultConfigurationIsVisible = 0;
			defaultConfigurationName = Release;
		};
		5E0693F3240BEA0300C3409A /* Build configuration list for PBXNativeTarget "GestureRecognizerFun" */ = {
			isa = XCConfigurationList;
			buildConfigurations = (
				5E0693F4240BEA0300C3409A /* Debug */,
				5E0693F5240BEA0300C3409A /* Release */,
			);
			defaultConfigurationIsVisible = 0;
			defaultConfigurationName = Release;
		};
		5E069403240D241000C3409A /* Build configuration list for PBXNativeTarget "GestureRecognizerFunTests" */ = {
			isa = XCConfigurationList;
			buildConfigurations = (
				5E069401240D241000C3409A /* Debug */,
				5E069402240D241000C3409A /* Release */,
			);
			defaultConfigurationIsVisible = 0;
			defaultConfigurationName = Release;
		};
/* End XCConfigurationList section */
	};
	rootObject = 5E0693D7240BEA0200C3409A /* Project object */;
}
